
Microsoft Visual Studio Solution File, Format Version 12.00
# Visual Studio Version 16
VisualStudioVersion = 16.0.29806.167
MinimumVisualStudioVersion = 10.0.40219.1
Project("{FAE04EC0-301F-11D3-BF4B-00C04F79EFBC}") = "Notepadd", "Notepadd\Notepadd.csproj", "{C41FBDC7-EC8B-4B46-973A-4E1433E0AC55}"
EndProject
Global
	GlobalSection(SolutionConfigurationPlatforms) = preSolution
		Debug|Any CPU = Debug|Any CPU
		Release|Any CPU = Release|Any CPU
	EndGlobalSection
	GlobalSection(ProjectConfigurationPlatforms) = postSolution
		{C41FBDC7-EC8B-4B46-973A-4E1433E0AC55}.Debug|Any CPU.ActiveCfg = Debug|Any CPU
		{C41FBDC7-EC8B-4B46-973A-4E1433E0AC55}.Debug|Any CPU.Build.0 = Debug|Any CPU
		{C41FBDC7-EC8B-4B46-973A-4E1433E0AC55}.Release|Any CPU.ActiveCfg = Release|Any CPU
		{C41FBDC7-EC8B-4B46-973A-4E1433E0AC55}.Release|Any CPU.Build.0 = Release|Any CPU
	EndGlobalSection
	GlobalSection(SolutionProperties) = preSolution
		HideSolutionNode = FALSE
	EndGlobalSection
	GlobalSection(ExtensibilityGlobals) = postSolution
		SolutionGuid = {50CE48AD-3016-4D3F-93F4-7EDA66AAF017}
	EndGlobalSection
EndGlobal
